
Microsoft Visual Studio Solution File, Format Version 12.00
# Visual Studio Version 17
VisualStudioVersion = 17.3.32929.385
MinimumVisualStudioVersion = 10.0.40219.1
Project("{9A19103F-16F7-4668-BE54-9A1E7A4F7556}") = "StackForBracketsAnalysis", "UlearnCourse\StackForBracketsAnalysis.csproj", "{87B31038-B33E-46B2-B72E-AF2A067246A2}"
EndProject
Project("{9A19103F-16F7-4668-BE54-9A1E7A4F7556}") = "BracketsTest", "BracketsTest\BracketsTest.csproj", "{0AE860BD-1AF8-448C-9164-DC9297C0CE88}"
EndProject
Project("{9A19103F-16F7-4668-BE54-9A1E7A4F7556}") = "StackCalc", "StackCalc\StackCalc.csproj", "{E02F5E47-F81D-4BFD-829A-3CE560782EFB}"
EndProject
Project("{9A19103F-16F7-4668-BE54-9A1E7A4F7556}") = "QueueForRunningAverage", "QueueForRunningAverage\QueueForRunningAverage.csproj", "{D07C878B-9ECC-46E8-BF9C-490A7FE3A34D}"
EndProject
Project("{9A19103F-16F7-4668-BE54-9A1E7A4F7556}") = "FindingArrayInArray", "FindingArrayInArray\FindingArrayInArray.csproj", "{60209E4E-D43F-4366-A9B7-63ADEB531A4E}"
EndProject
Project("{9A19103F-16F7-4668-BE54-9A1E7A4F7556}") = "OughtsAndCrosses", "OughtsAndCrosses\OughtsAndCrosses.csproj", "{CA76FB37-C2DA-4CC6-91EE-507D4D45FCDB}"
EndProject
Project("{2150E333-8FDC-42A3-9474-1A3956D46DE8}") = "BasicCSharp_Part_1", "BasicCSharp_Part_1", "{82F9EDEB-1EE2-4A8F-84F9-20E780A8F5C8}"
EndProject
Project("{2150E333-8FDC-42A3-9474-1A3956D46DE8}") = "BasicCSharp_Part_2", "BasicCSharp_Part_2", "{D8834494-6AE9-409D-A38F-79FAFF60BB4C}"
EndProject
Project("{2150E333-8FDC-42A3-9474-1A3956D46DE8}") = "Arrays", "Arrays", "{61BF0592-514F-474B-9ADB-EA88D5D598A3}"
EndProject
Project("{9A19103F-16F7-4668-BE54-9A1E7A4F7556}") = "Workshop", "Workshop\Workshop.csproj", "{3C9DD798-7D32-4ED1-BC8B-75CED3F965F3}"
EndProject
Project("{2150E333-8FDC-42A3-9474-1A3956D46DE8}") = "Collections, strings, files", "Collections, strings, files", "{7780DBF5-CD14-4CEB-84FF-99FEF08941D6}"
EndProject
Project("{9A19103F-16F7-4668-BE54-9A1E7A4F7556}") = "Decoder", "Decorder\Decoder.csproj", "{44EB6B91-7C79-4DBE-B3B7-AFA1C0D5420A}"
EndProject
Project("{9A19103F-16F7-4668-BE54-9A1E7A4F7556}") = "DictionariesNotepad", "DictionariesNotepad\DictionariesNotepad.csproj", "{A753414E-DBD5-4E40-B933-0C8D7B913524}"
EndProject
Project("{9A19103F-16F7-4668-BE54-9A1E7A4F7556}") = "BenfordStatistics", "BenfordStatistics\BenfordStatistics.csproj", "{CF44DE28-1A67-41CB-B885-F70B6B4CA189}"
EndProject
Project("{9A19103F-16F7-4668-BE54-9A1E7A4F7556}") = "Tabulation", "Tabulation\Tabulation.csproj", "{8B98B48B-F7D1-41CF-A0DC-1762DFB124D9}"
EndProject
Project("{2150E333-8FDC-42A3-9474-1A3956D46DE8}") = "TextAnalysis", "TextAnalysis", "{3828F82F-8698-4232-B811-CBF0D2C4403C}"
EndProject
Project("{FAE04EC0-301F-11D3-BF4B-00C04F79EFBC}") = "TextAnalysis", "..\..\..\Downloads\TextAnalysis.csproj\TextAnalysis.csproj", "{E7F5D985-677D-4246-BA75-4BAE24DF38B5}"
EndProject
Project("{2150E333-8FDC-42A3-9474-1A3956D46DE8}") = "Testing", "Testing", "{9D098F24-59A3-4548-A1BF-7651C9F94B3E}"
EndProject
Project("{FAE04EC0-301F-11D3-BF4B-00C04F79EFBC}") = "Quadartic", "Quadartic\Quadartic.csproj", "{F772F03E-9265-4A47-961E-1783E5581A49}"
EndProject
Project("{FAE04EC0-301F-11D3-BF4B-00C04F79EFBC}") = "EquationSolver", "EquationSolver\EquationSolver.csproj", "{6C6432D7-9783-4A6B-B689-DD92E79E2BF8}"
EndProject
Project("{FAE04EC0-301F-11D3-BF4B-00C04F79EFBC}") = "EquationSolver.Tests", "EquationSolver.Tests\EquationSolver.Tests.csproj", "{99484395-828D-49B2-89FE-0F556432C68B}"
EndProject
Global
	GlobalSection(SolutionConfigurationPlatforms) = preSolution
		Debug|Any CPU = Debug|Any CPU
		Release|Any CPU = Release|Any CPU
	EndGlobalSection
	GlobalSection(ProjectConfigurationPlatforms) = postSolution
		{87B31038-B33E-46B2-B72E-AF2A067246A2}.Debug|Any CPU.ActiveCfg = Debug|Any CPU
		{87B31038-B33E-46B2-B72E-AF2A067246A2}.Debug|Any CPU.Build.0 = Debug|Any CPU
		{87B31038-B33E-46B2-B72E-AF2A067246A2}.Release|Any CPU.ActiveCfg = Release|Any CPU
		{87B31038-B33E-46B2-B72E-AF2A067246A2}.Release|Any CPU.Build.0 = Release|Any CPU
		{0AE860BD-1AF8-448C-9164-DC9297C0CE88}.Debug|Any CPU.ActiveCfg = Debug|Any CPU
		{0AE860BD-1AF8-448C-9164-DC9297C0CE88}.Debug|Any CPU.Build.0 = Debug|Any CPU
		{0AE860BD-1AF8-448C-9164-DC9297C0CE88}.Release|Any CPU.ActiveCfg = Release|Any CPU
		{0AE860BD-1AF8-448C-9164-DC9297C0CE88}.Release|Any CPU.Build.0 = Release|Any CPU
		{E02F5E47-F81D-4BFD-829A-3CE560782EFB}.Debug|Any CPU.ActiveCfg = Debug|Any CPU
		{E02F5E47-F81D-4BFD-829A-3CE560782EFB}.Debug|Any CPU.Build.0 = Debug|Any CPU
		{E02F5E47-F81D-4BFD-829A-3CE560782EFB}.Release|Any CPU.ActiveCfg = Release|Any CPU
		{E02F5E47-F81D-4BFD-829A-3CE560782EFB}.Release|Any CPU.Build.0 = Release|Any CPU
		{D07C878B-9ECC-46E8-BF9C-490A7FE3A34D}.Debug|Any CPU.ActiveCfg = Debug|Any CPU
		{D07C878B-9ECC-46E8-BF9C-490A7FE3A34D}.Debug|Any CPU.Build.0 = Debug|Any CPU
		{D07C878B-9ECC-46E8-BF9C-490A7FE3A34D}.Release|Any CPU.ActiveCfg = Release|Any CPU
		{D07C878B-9ECC-46E8-BF9C-490A7FE3A34D}.Release|Any CPU.Build.0 = Release|Any CPU
		{60209E4E-D43F-4366-A9B7-63ADEB531A4E}.Debug|Any CPU.ActiveCfg = Debug|Any CPU
		{60209E4E-D43F-4366-A9B7-63ADEB531A4E}.Debug|Any CPU.Build.0 = Debug|Any CPU
		{60209E4E-D43F-4366-A9B7-63ADEB531A4E}.Release|Any CPU.ActiveCfg = Release|Any CPU
		{60209E4E-D43F-4366-A9B7-63ADEB531A4E}.Release|Any CPU.Build.0 = Release|Any CPU
		{CA76FB37-C2DA-4CC6-91EE-507D4D45FCDB}.Debug|Any CPU.ActiveCfg = Debug|Any CPU
		{CA76FB37-C2DA-4CC6-91EE-507D4D45FCDB}.Debug|Any CPU.Build.0 = Debug|Any CPU
		{CA76FB37-C2DA-4CC6-91EE-507D4D45FCDB}.Release|Any CPU.ActiveCfg = Release|Any CPU
		{CA76FB37-C2DA-4CC6-91EE-507D4D45FCDB}.Release|Any CPU.Build.0 = Release|Any CPU
		{3C9DD798-7D32-4ED1-BC8B-75CED3F965F3}.Debug|Any CPU.ActiveCfg = Debug|Any CPU
		{3C9DD798-7D32-4ED1-BC8B-75CED3F965F3}.Debug|Any CPU.Build.0 = Debug|Any CPU
		{3C9DD798-7D32-4ED1-BC8B-75CED3F965F3}.Release|Any CPU.ActiveCfg = Release|Any CPU
		{3C9DD798-7D32-4ED1-BC8B-75CED3F965F3}.Release|Any CPU.Build.0 = Release|Any CPU
		{44EB6B91-7C79-4DBE-B3B7-AFA1C0D5420A}.Debug|Any CPU.ActiveCfg = Debug|Any CPU
		{44EB6B91-7C79-4DBE-B3B7-AFA1C0D5420A}.Debug|Any CPU.Build.0 = Debug|Any CPU
		{44EB6B91-7C79-4DBE-B3B7-AFA1C0D5420A}.Release|Any CPU.ActiveCfg = Release|Any CPU
		{44EB6B91-7C79-4DBE-B3B7-AFA1C0D5420A}.Release|Any CPU.Build.0 = Release|Any CPU
		{A753414E-DBD5-4E40-B933-0C8D7B913524}.Debug|Any CPU.ActiveCfg = Debug|Any CPU
		{A753414E-DBD5-4E40-B933-0C8D7B913524}.Debug|Any CPU.Build.0 = Debug|Any CPU
		{A753414E-DBD5-4E40-B933-0C8D7B913524}.Release|Any CPU.ActiveCfg = Release|Any CPU
		{A753414E-DBD5-4E40-B933-0C8D7B913524}.Release|Any CPU.Build.0 = Release|Any CPU
		{CF44DE28-1A67-41CB-B885-F70B6B4CA189}.Debug|Any CPU.ActiveCfg = Debug|Any CPU
		{CF44DE28-1A67-41CB-B885-F70B6B4CA189}.Debug|Any CPU.Build.0 = Debug|Any CPU
		{CF44DE28-1A67-41CB-B885-F70B6B4CA189}.Release|Any CPU.ActiveCfg = Release|Any CPU
		{CF44DE28-1A67-41CB-B885-F70B6B4CA189}.Release|Any CPU.Build.0 = Release|Any CPU
		{8B98B48B-F7D1-41CF-A0DC-1762DFB124D9}.Debug|Any CPU.ActiveCfg = Debug|Any CPU
		{8B98B48B-F7D1-41CF-A0DC-1762DFB124D9}.Debug|Any CPU.Build.0 = Debug|Any CPU
		{8B98B48B-F7D1-41CF-A0DC-1762DFB124D9}.Release|Any CPU.ActiveCfg = Release|Any CPU
		{8B98B48B-F7D1-41CF-A0DC-1762DFB124D9}.Release|Any CPU.Build.0 = Release|Any CPU
		{E7F5D985-677D-4246-BA75-4BAE24DF38B5}.Debug|Any CPU.ActiveCfg = Debug|Any CPU
		{E7F5D985-677D-4246-BA75-4BAE24DF38B5}.Debug|Any CPU.Build.0 = Debug|Any CPU
		{E7F5D985-677D-4246-BA75-4BAE24DF38B5}.Release|Any CPU.ActiveCfg = Release|Any CPU
		{E7F5D985-677D-4246-BA75-4BAE24DF38B5}.Release|Any CPU.Build.0 = Release|Any CPU
		{F772F03E-9265-4A47-961E-1783E5581A49}.Debug|Any CPU.ActiveCfg = Debug|Any CPU
		{F772F03E-9265-4A47-961E-1783E5581A49}.Debug|Any CPU.Build.0 = Debug|Any CPU
		{F772F03E-9265-4A47-961E-1783E5581A49}.Release|Any CPU.ActiveCfg = Release|Any CPU
		{F772F03E-9265-4A47-961E-1783E5581A49}.Release|Any CPU.Build.0 = Release|Any CPU
		{6C6432D7-9783-4A6B-B689-DD92E79E2BF8}.Debug|Any CPU.ActiveCfg = Debug|Any CPU
		{6C6432D7-9783-4A6B-B689-DD92E79E2BF8}.Debug|Any CPU.Build.0 = Debug|Any CPU
		{6C6432D7-9783-4A6B-B689-DD92E79E2BF8}.Release|Any CPU.ActiveCfg = Release|Any CPU
		{6C6432D7-9783-4A6B-B689-DD92E79E2BF8}.Release|Any CPU.Build.0 = Release|Any CPU
		{99484395-828D-49B2-89FE-0F556432C68B}.Debug|Any CPU.ActiveCfg = Debug|Any CPU
		{99484395-828D-49B2-89FE-0F556432C68B}.Debug|Any CPU.Build.0 = Debug|Any CPU
		{99484395-828D-49B2-89FE-0F556432C68B}.Release|Any CPU.ActiveCfg = Release|Any CPU
		{99484395-828D-49B2-89FE-0F556432C68B}.Release|Any CPU.Build.0 = Release|Any CPU
	EndGlobalSection
	GlobalSection(SolutionProperties) = preSolution
		HideSolutionNode = FALSE
	EndGlobalSection
	GlobalSection(NestedProjects) = preSolution
		{87B31038-B33E-46B2-B72E-AF2A067246A2} = {D8834494-6AE9-409D-A38F-79FAFF60BB4C}
		{0AE860BD-1AF8-448C-9164-DC9297C0CE88} = {D8834494-6AE9-409D-A38F-79FAFF60BB4C}
		{E02F5E47-F81D-4BFD-829A-3CE560782EFB} = {D8834494-6AE9-409D-A38F-79FAFF60BB4C}
		{D07C878B-9ECC-46E8-BF9C-490A7FE3A34D} = {D8834494-6AE9-409D-A38F-79FAFF60BB4C}
		{60209E4E-D43F-4366-A9B7-63ADEB531A4E} = {61BF0592-514F-474B-9ADB-EA88D5D598A3}
		{CA76FB37-C2DA-4CC6-91EE-507D4D45FCDB} = {61BF0592-514F-474B-9ADB-EA88D5D598A3}
		{61BF0592-514F-474B-9ADB-EA88D5D598A3} = {82F9EDEB-1EE2-4A8F-84F9-20E780A8F5C8}
		{3C9DD798-7D32-4ED1-BC8B-75CED3F965F3} = {61BF0592-514F-474B-9ADB-EA88D5D598A3}
		{7780DBF5-CD14-4CEB-84FF-99FEF08941D6} = {82F9EDEB-1EE2-4A8F-84F9-20E780A8F5C8}
		{44EB6B91-7C79-4DBE-B3B7-AFA1C0D5420A} = {7780DBF5-CD14-4CEB-84FF-99FEF08941D6}
		{A753414E-DBD5-4E40-B933-0C8D7B913524} = {7780DBF5-CD14-4CEB-84FF-99FEF08941D6}
		{CF44DE28-1A67-41CB-B885-F70B6B4CA189} = {7780DBF5-CD14-4CEB-84FF-99FEF08941D6}
		{8B98B48B-F7D1-41CF-A0DC-1762DFB124D9} = {7780DBF5-CD14-4CEB-84FF-99FEF08941D6}
		{3828F82F-8698-4232-B811-CBF0D2C4403C} = {7780DBF5-CD14-4CEB-84FF-99FEF08941D6}
		{E7F5D985-677D-4246-BA75-4BAE24DF38B5} = {3828F82F-8698-4232-B811-CBF0D2C4403C}
		{9D098F24-59A3-4548-A1BF-7651C9F94B3E} = {82F9EDEB-1EE2-4A8F-84F9-20E780A8F5C8}
		{F772F03E-9265-4A47-961E-1783E5581A49} = {9D098F24-59A3-4548-A1BF-7651C9F94B3E}
		{6C6432D7-9783-4A6B-B689-DD92E79E2BF8} = {9D098F24-59A3-4548-A1BF-7651C9F94B3E}
		{99484395-828D-49B2-89FE-0F556432C68B} = {9D098F24-59A3-4548-A1BF-7651C9F94B3E}
	EndGlobalSection
	GlobalSection(ExtensibilityGlobals) = postSolution
		SolutionGuid = {7AEAA48B-33EB-41BC-AF1F-FAEB3947AD5F}
	EndGlobalSection
EndGlobal
